
Microsoft Visual Studio Solution File, Format Version 12.00
Project("{FAE04EC0-301F-11D3-BF4B-00C04F79EFBC}") = "TodoApi", "TodoApi\TodoApi.csproj", "{7CCA0AB0-5BE2-46D3-8328-42314972F309}"
EndProject
Global
	GlobalSection(SolutionConfigurationPlatforms) = preSolution
		Debug|Any CPU = Debug|Any CPU
		Release|Any CPU = Release|Any CPU
	EndGlobalSection
	GlobalSection(ProjectConfigurationPlatforms) = postSolution
		{7CCA0AB0-5BE2-46D3-8328-42314972F309}.Debug|Any CPU.ActiveCfg = Debug|Any CPU
		{7CCA0AB0-5BE2-46D3-8328-42314972F309}.Debug|Any CPU.Build.0 = Debug|Any CPU
		{7CCA0AB0-5BE2-46D3-8328-42314972F309}.Release|Any CPU.ActiveCfg = Release|Any CPU
		{7CCA0AB0-5BE2-46D3-8328-42314972F309}.Release|Any CPU.Build.0 = Release|Any CPU
	EndGlobalSection
EndGlobal
